
Microsoft Visual Studio Solution File, Format Version 12.00
# Visual Studio 14
VisualStudioVersion = 14.0.25123.0
MinimumVisualStudioVersion = 10.0.40219.1
Project("{8BC9CEB8-8B4A-11D0-8D11-00A0C91BC942}") = "Gamnet", "Gamnet.vcxproj", "{019BA4FB-BF7B-4EAC-A72D-E32BAFD5172E}"
EndProject
Global
	GlobalSection(SolutionConfigurationPlatforms) = preSolution
		Debug|ARM = Debug|ARM
		Debug|x64 = Debug|x64
		Debug|x86 = Debug|x86
		Release|ARM = Release|ARM
		Release|x64 = Release|x64
		Release|x86 = Release|x86
	EndGlobalSection
	GlobalSection(ProjectConfigurationPlatforms) = postSolution
		{019BA4FB-BF7B-4EAC-A72D-E32BAFD5172E}.Debug|ARM.ActiveCfg = Debug|ARM
		{019BA4FB-BF7B-4EAC-A72D-E32BAFD5172E}.Debug|ARM.Build.0 = Debug|ARM
		{019BA4FB-BF7B-4EAC-A72D-E32BAFD5172E}.Debug|x64.ActiveCfg = Debug|x64
		{019BA4FB-BF7B-4EAC-A72D-E32BAFD5172E}.Debug|x64.Build.0 = Debug|x64
		{019BA4FB-BF7B-4EAC-A72D-E32BAFD5172E}.Debug|x86.ActiveCfg = Debug|Win32
		{019BA4FB-BF7B-4EAC-A72D-E32BAFD5172E}.Debug|x86.Build.0 = Debug|Win32
		{019BA4FB-BF7B-4EAC-A72D-E32BAFD5172E}.Release|ARM.ActiveCfg = Release|ARM
		{019BA4FB-BF7B-4EAC-A72D-E32BAFD5172E}.Release|ARM.Build.0 = Release|ARM
		{019BA4FB-BF7B-4EAC-A72D-E32BAFD5172E}.Release|x64.ActiveCfg = Release|Win32
		{019BA4FB-BF7B-4EAC-A72D-E32BAFD5172E}.Release|x64.Build.0 = Release|Win32
		{019BA4FB-BF7B-4EAC-A72D-E32BAFD5172E}.Release|x86.ActiveCfg = Release|Win32
		{019BA4FB-BF7B-4EAC-A72D-E32BAFD5172E}.Release|x86.Build.0 = Release|Win32
	EndGlobalSection
	GlobalSection(SolutionProperties) = preSolution
		HideSolutionNode = FALSE
	EndGlobalSection
EndGlobal
