<?xml version="1.0" encoding="utf-8"?>
<Project ToolsVersion="4.0" xmlns="http://schemas.microsoft.com/developer/msbuild/2003">
  <ItemGroup>
    <Filter Include="Source Files">
      <UniqueIdentifier>{4FC737F1-C7A5-4376-A066-2A32D752A2FF}</UniqueIdentifier>
      <Extensions>cpp;c;cc;cxx;def;odl;idl;hpj;bat;asm;asmx</Extensions>
    </Filter>
    <Filter Include="Header Files">
      <UniqueIdentifier>{93995380-89BD-4b04-88EB-625FBE52EBFB}</UniqueIdentifier>
      <Extensions>h;hh;hpp;hxx;hm;inl;inc;xsd</Extensions>
    </Filter>
  </ItemGroup>
  <ItemGroup>
    <ClCompile Include="Gamnet.cpp">
      <Filter>Source Files</Filter>
    </ClCompile>
    <ClCompile Include="http\Dispatcher.cpp">
      <Filter>Source Files</Filter>
    </ClCompile>
    <ClCompile Include="http\HttpClient.cpp">
      <Filter>Source Files</Filter>
    </ClCompile>
    <ClCompile Include="http\HttpServer.cpp">
      <Filter>Source Files</Filter>
    </ClCompile>
    <ClCompile Include="http\Listener.cpp">
      <Filter>Source Files</Filter>
    </ClCompile>
    <ClCompile Include="http\Response.cpp">
      <Filter>Source Files</Filter>
    </ClCompile>
    <ClCompile Include="http\Session.cpp">
      <Filter>Source Files</Filter>
    </ClCompile>
    <ClCompile Include="library\Base64.cpp">
      <Filter>Source Files</Filter>
    </ClCompile>
    <ClCompile Include="library\Buffer.cpp">
      <Filter>Source Files</Filter>
    </ClCompile>
    <ClCompile Include="library\Exception.cpp">
      <Filter>Source Files</Filter>
    </ClCompile>
    <ClCompile Include="library\MD5.cpp">
      <Filter>Source Files</Filter>
    </ClCompile>
    <ClCompile Include="log\File.cpp">
      <Filter>Source Files</Filter>
    </ClCompile>
    <ClCompile Include="log\Log.cpp">
      <Filter>Source Files</Filter>
    </ClCompile>
    <ClCompile Include="log\Logger.cpp">
      <Filter>Source Files</Filter>
    </ClCompile>
    <ClCompile Include="network\HandlerContainer.cpp">
      <Filter>Source Files</Filter>
    </ClCompile>
    <ClCompile Include="network\Listener.cpp">
      <Filter>Source Files</Filter>
    </ClCompile>
    <ClCompile Include="network\Network.cpp">
      <Filter>Source Files</Filter>
    </ClCompile>
    <ClCompile Include="network\Packet.cpp">
      <Filter>Source Files</Filter>
    </ClCompile>
    <ClCompile Include="network\Session.cpp">
      <Filter>Source Files</Filter>
    </ClCompile>
    <ClCompile Include="network\SessionManager.cpp">
      <Filter>Source Files</Filter>
    </ClCompile>
    <ClCompile Include="router\Router.cpp">
      <Filter>Source Files</Filter>
    </ClCompile>
    <ClCompile Include="router\RouterCaster.cpp">
      <Filter>Source Files</Filter>
    </ClCompile>
    <ClCompile Include="router\RouterHandler.cpp">
      <Filter>Source Files</Filter>
    </ClCompile>
    <ClCompile Include="router\RouterListener.cpp">
      <Filter>Source Files</Filter>
    </ClCompile>
    <ClCompile Include="router\Session.cpp">
      <Filter>Source Files</Filter>
    </ClCompile>
    <ClCompile Include="test\Session.cpp">
      <Filter>Source Files</Filter>
    </ClCompile>
    <ClCompile Include="database\Connection.cpp">
      <Filter>Source Files</Filter>
    </ClCompile>
    <ClCompile Include="database\Database.cpp">
      <Filter>Source Files</Filter>
    </ClCompile>
    <ClCompile Include="database\DatabaseImpl.cpp">
      <Filter>Source Files</Filter>
    </ClCompile>
    <ClCompile Include="database\ResultSet.cpp">
      <Filter>Source Files</Filter>
    </ClCompile>
    <ClCompile Include="database\Transaction.cpp">
      <Filter>Source Files</Filter>
    </ClCompile>
    <ClCompile Include="Json\jsoncpp.cpp">
      <Filter>Source Files</Filter>
    </ClCompile>
    <ClCompile Include="Database\ColumnValue.cpp">
      <Filter>Source Files</Filter>
    </ClCompile>
  </ItemGroup>
  <ItemGroup>
    <ClInclude Include="Gamnet.h">
      <Filter>Header Files</Filter>
    </ClInclude>
    <ClInclude Include="http\Dispatcher.h">
      <Filter>Header Files</Filter>
    </ClInclude>
    <ClInclude Include="http\HttpClient.h">
      <Filter>Header Files</Filter>
    </ClInclude>
    <ClInclude Include="http\HttpServer.h">
      <Filter>Header Files</Filter>
    </ClInclude>
    <ClInclude Include="http\Listener.h">
      <Filter>Header Files</Filter>
    </ClInclude>
    <ClInclude Include="http\Response.h">
      <Filter>Header Files</Filter>
    </ClInclude>
    <ClInclude Include="http\Session.h">
      <Filter>Header Files</Filter>
    </ClInclude>
    <ClInclude Include="library\Atomic.h">
      <Filter>Header Files</Filter>
    </ClInclude>
    <ClInclude Include="library\Base64.h">
      <Filter>Header Files</Filter>
    </ClInclude>
    <ClInclude Include="library\Buffer.h">
      <Filter>Header Files</Filter>
    </ClInclude>
    <ClInclude Include="library\ErrorCode.h">
      <Filter>Header Files</Filter>
    </ClInclude>
    <ClInclude Include="library\Exception.h">
      <Filter>Header Files</Filter>
    </ClInclude>
    <ClInclude Include="library\MD5.h">
      <Filter>Header Files</Filter>
    </ClInclude>
    <ClInclude Include="library\MultiLock.h">
      <Filter>Header Files</Filter>
    </ClInclude>
    <ClInclude Include="library\Pool.h">
      <Filter>Header Files</Filter>
    </ClInclude>
    <ClInclude Include="library\Singleton.h">
      <Filter>Header Files</Filter>
    </ClInclude>
    <ClInclude Include="library\String.h">
      <Filter>Header Files</Filter>
    </ClInclude>
    <ClInclude Include="library\ThreadPool.h">
      <Filter>Header Files</Filter>
    </ClInclude>
    <ClInclude Include="library\Timer.h">
      <Filter>Header Files</Filter>
    </ClInclude>
    <ClInclude Include="log\File.h">
      <Filter>Header Files</Filter>
    </ClInclude>
    <ClInclude Include="log\Log.h">
      <Filter>Header Files</Filter>
    </ClInclude>
    <ClInclude Include="log\Logger.h">
      <Filter>Header Files</Filter>
    </ClInclude>
    <ClInclude Include="network\Dispatcher.h">
      <Filter>Header Files</Filter>
    </ClInclude>
    <ClInclude Include="network\Handler.h">
      <Filter>Header Files</Filter>
    </ClInclude>
    <ClInclude Include="network\HandlerContainer.h">
      <Filter>Header Files</Filter>
    </ClInclude>
    <ClInclude Include="network\HandlerFactory.h">
      <Filter>Header Files</Filter>
    </ClInclude>
    <ClInclude Include="network\Listener.h">
      <Filter>Header Files</Filter>
    </ClInclude>
    <ClInclude Include="network\Network.h">
      <Filter>Header Files</Filter>
    </ClInclude>
    <ClInclude Include="network\Packet.h">
      <Filter>Header Files</Filter>
    </ClInclude>
    <ClInclude Include="network\Session.h">
      <Filter>Header Files</Filter>
    </ClInclude>
    <ClInclude Include="network\SessionManager.h">
      <Filter>Header Files</Filter>
    </ClInclude>
    <ClInclude Include="router\Dispatcher.h">
      <Filter>Header Files</Filter>
    </ClInclude>
    <ClInclude Include="router\MsgRouter.h">
      <Filter>Header Files</Filter>
    </ClInclude>
    <ClInclude Include="router\Router.h">
      <Filter>Header Files</Filter>
    </ClInclude>
    <ClInclude Include="router\RouterCaster.h">
      <Filter>Header Files</Filter>
    </ClInclude>
    <ClInclude Include="router\RouterHandler.h">
      <Filter>Header Files</Filter>
    </ClInclude>
    <ClInclude Include="router\RouterListener.h">
      <Filter>Header Files</Filter>
    </ClInclude>
    <ClInclude Include="router\Session.h">
      <Filter>Header Files</Filter>
    </ClInclude>
    <ClInclude Include="test\Session.h">
      <Filter>Header Files</Filter>
    </ClInclude>
    <ClInclude Include="test\Test.h">
      <Filter>Header Files</Filter>
    </ClInclude>
    <ClInclude Include="test\Tester.h">
      <Filter>Header Files</Filter>
    </ClInclude>
    <ClInclude Include="database\Connection.h">
      <Filter>Header Files</Filter>
    </ClInclude>
    <ClInclude Include="database\Database.h">
      <Filter>Header Files</Filter>
    </ClInclude>
    <ClInclude Include="database\DatabaseImpl.h">
      <Filter>Header Files</Filter>
    </ClInclude>
    <ClInclude Include="database\ResultSet.h">
      <Filter>Header Files</Filter>
    </ClInclude>
    <ClInclude Include="database\Transaction.h">
      <Filter>Header Files</Filter>
    </ClInclude>
    <ClInclude Include="Json\json.h">
      <Filter>Header Files</Filter>
    </ClInclude>
    <ClInclude Include="Json\json-forwards.h">
      <Filter>Header Files</Filter>
    </ClInclude>
    <ClInclude Include="Database\ColumnValue.h">
      <Filter>Header Files</Filter>
    </ClInclude>
  </ItemGroup>
</Project>