<?xml version="1.0" encoding="utf-8"?>
<Project ToolsVersion="4.0" xmlns="http://schemas.microsoft.com/developer/msbuild/2003">
  <ItemGroup>
    <Filter Include="Source Files">
      <UniqueIdentifier>{4FC737F1-C7A5-4376-A066-2A32D752A2FF}</UniqueIdentifier>
      <Extensions>cpp;c;cc;cxx;def;odl;idl;hpj;bat;asm;asmx</Extensions>
    </Filter>
    <Filter Include="Header Files">
      <UniqueIdentifier>{93995380-89BD-4b04-88EB-625FBE52EBFB}</UniqueIdentifier>
      <Extensions>h;hh;hpp;hxx;hm;inl;inc;xsd</Extensions>
    </Filter>
  </ItemGroup>
  <ItemGroup>
    <ClCompile Include="Gamnet.cpp">
      <Filter>Source Files</Filter>
    </ClCompile>
    <ClCompile Include="library\Base64.cpp">
      <Filter>Source Files</Filter>
    </ClCompile>
    <ClCompile Include="library\Buffer.cpp">
      <Filter>Source Files</Filter>
    </ClCompile>
    <ClCompile Include="library\Exception.cpp">
      <Filter>Source Files</Filter>
    </ClCompile>
    <ClCompile Include="library\MD5.cpp">
      <Filter>Source Files</Filter>
    </ClCompile>
    <ClCompile Include="log\File.cpp">
      <Filter>Source Files</Filter>
    </ClCompile>
    <ClCompile Include="log\Log.cpp">
      <Filter>Source Files</Filter>
    </ClCompile>
    <ClCompile Include="log\Logger.cpp">
      <Filter>Source Files</Filter>
    </ClCompile>
    <ClCompile Include="network\HandlerContainer.cpp">
      <Filter>Source Files</Filter>
    </ClCompile>
    <ClCompile Include="network\Session.cpp">
      <Filter>Source Files</Filter>
    </ClCompile>
    <ClCompile Include="test\Session.cpp">
      <Filter>Source Files</Filter>
    </ClCompile>
    <ClCompile Include="Library\Variant.cpp">
      <Filter>Source Files</Filter>
    </ClCompile>
    <ClCompile Include="Library\Random.cpp">
      <Filter>Source Files</Filter>
    </ClCompile>
    <ClCompile Include="Database\MySQL\Connection.cpp">
      <Filter>Source Files</Filter>
    </ClCompile>
    <ClCompile Include="Database\MySQL\ResultSet.cpp">
      <Filter>Source Files</Filter>
    </ClCompile>
    <ClCompile Include="Database\MySQL\Transaction.cpp">
      <Filter>Source Files</Filter>
    </ClCompile>
    <ClCompile Include="Database\Redis\Connection.cpp">
      <Filter>Source Files</Filter>
    </ClCompile>
    <ClCompile Include="Database\Redis\Redis.cpp">
      <Filter>Source Files</Filter>
    </ClCompile>
    <ClCompile Include="Database\Redis\ResultSet.cpp">
      <Filter>Source Files</Filter>
    </ClCompile>
    <ClCompile Include="Database\Database.cpp">
      <Filter>Source Files</Filter>
    </ClCompile>
    <ClCompile Include="Network\Link.cpp">
      <Filter>Source Files</Filter>
    </ClCompile>
    <ClCompile Include="Network\LinkManager.cpp">
      <Filter>Source Files</Filter>
    </ClCompile>
    <ClCompile Include="Network\Tcp\Packet.cpp">
      <Filter>Source Files</Filter>
    </ClCompile>
    <ClCompile Include="Network\Tcp\Session.cpp">
      <Filter>Source Files</Filter>
    </ClCompile>
    <ClCompile Include="Network\Tcp\Tcp.cpp">
      <Filter>Source Files</Filter>
    </ClCompile>
    <ClCompile Include="Network\Router\LinkManager.cpp">
      <Filter>Source Files</Filter>
    </ClCompile>
    <ClCompile Include="Network\Router\Router.cpp">
      <Filter>Source Files</Filter>
    </ClCompile>
    <ClCompile Include="Network\Router\RouterCaster.cpp">
      <Filter>Source Files</Filter>
    </ClCompile>
    <ClCompile Include="Network\Router\RouterHandler.cpp">
      <Filter>Source Files</Filter>
    </ClCompile>
    <ClCompile Include="Network\Router\Session.cpp">
      <Filter>Source Files</Filter>
    </ClCompile>
    <ClCompile Include="Network\Http\Dispatcher.cpp">
      <Filter>Source Files</Filter>
    </ClCompile>
    <ClCompile Include="Network\Http\HttpClient.cpp">
      <Filter>Source Files</Filter>
    </ClCompile>
    <ClCompile Include="Network\Http\HttpServer.cpp">
      <Filter>Source Files</Filter>
    </ClCompile>
    <ClCompile Include="Network\Http\Response.cpp">
      <Filter>Source Files</Filter>
    </ClCompile>
    <ClCompile Include="Network\Http\Session.cpp">
      <Filter>Source Files</Filter>
    </ClCompile>
    <ClCompile Include="Library\Json\jsoncpp.cpp">
      <Filter>Source Files</Filter>
    </ClCompile>
    <ClCompile Include="Network\Http\Request.cpp">
      <Filter>Source Files</Filter>
    </ClCompile>
    <ClCompile Include="Database\Redis\Transaction.cpp">
      <Filter>Source Files</Filter>
    </ClCompile>
    <ClCompile Include="Network\Tcp\CastGroup.cpp">
      <Filter>Source Files</Filter>
    </ClCompile>
    <ClCompile Include="Database\SQLite\Connection.cpp">
      <Filter>Source Files</Filter>
    </ClCompile>
    <ClCompile Include="Database\SQLite\ResultSet.cpp">
      <Filter>Source Files</Filter>
    </ClCompile>
    <ClCompile Include="Database\SQLite\SQLite.cpp">
      <Filter>Source Files</Filter>
    </ClCompile>
    <ClCompile Include="Database\SQLite\sqlite3.c">
      <Filter>Source Files</Filter>
    </ClCompile>
    <ClCompile Include="Network\Http\Link.cpp">
      <Filter>Source Files</Filter>
    </ClCompile>
    <ClCompile Include="Network\Tcp\Link.cpp">
      <Filter>Source Files</Filter>
    </ClCompile>
    <ClCompile Include="Database\SQLite\Transaction.cpp">
      <Filter>Source Files</Filter>
    </ClCompile>
    <ClCompile Include="Network\Router\Dispatcher.cpp">
      <Filter>Source Files</Filter>
    </ClCompile>
    <ClCompile Include="Database\Redis\Subscriber.cpp">
      <Filter>Source Files</Filter>
    </ClCompile>
    <ClCompile Include="Database\MySQL\MySQL.cpp">
      <Filter>Source Files</Filter>
    </ClCompile>
    <ClCompile Include="Test\Test.cpp">
      <Filter>Source Files</Filter>
    </ClCompile>
    <ClCompile Include="Library\Timer.cpp">
      <Filter>Source Files</Filter>
    </ClCompile>
    <ClCompile Include="Library\Singleton.cpp">
      <Filter>Source Files</Filter>
    </ClCompile>
    <ClCompile Include="Library\ThreadPool.cpp">
      <Filter>Source Files</Filter>
    </ClCompile>
  </ItemGroup>
  <ItemGroup>
    <ClInclude Include="Gamnet.h">
      <Filter>Header Files</Filter>
    </ClInclude>
    <ClInclude Include="library\Atomic.h">
      <Filter>Header Files</Filter>
    </ClInclude>
    <ClInclude Include="library\Base64.h">
      <Filter>Header Files</Filter>
    </ClInclude>
    <ClInclude Include="library\Buffer.h">
      <Filter>Header Files</Filter>
    </ClInclude>
    <ClInclude Include="library\Exception.h">
      <Filter>Header Files</Filter>
    </ClInclude>
    <ClInclude Include="library\MD5.h">
      <Filter>Header Files</Filter>
    </ClInclude>
    <ClInclude Include="library\MultiLock.h">
      <Filter>Header Files</Filter>
    </ClInclude>
    <ClInclude Include="library\Pool.h">
      <Filter>Header Files</Filter>
    </ClInclude>
    <ClInclude Include="library\Singleton.h">
      <Filter>Header Files</Filter>
    </ClInclude>
    <ClInclude Include="library\String.h">
      <Filter>Header Files</Filter>
    </ClInclude>
    <ClInclude Include="library\ThreadPool.h">
      <Filter>Header Files</Filter>
    </ClInclude>
    <ClInclude Include="library\Timer.h">
      <Filter>Header Files</Filter>
    </ClInclude>
    <ClInclude Include="log\File.h">
      <Filter>Header Files</Filter>
    </ClInclude>
    <ClInclude Include="log\Log.h">
      <Filter>Header Files</Filter>
    </ClInclude>
    <ClInclude Include="log\Logger.h">
      <Filter>Header Files</Filter>
    </ClInclude>
    <ClInclude Include="network\Handler.h">
      <Filter>Header Files</Filter>
    </ClInclude>
    <ClInclude Include="network\HandlerContainer.h">
      <Filter>Header Files</Filter>
    </ClInclude>
    <ClInclude Include="network\HandlerFactory.h">
      <Filter>Header Files</Filter>
    </ClInclude>
    <ClInclude Include="network\Network.h">
      <Filter>Header Files</Filter>
    </ClInclude>
    <ClInclude Include="network\Session.h">
      <Filter>Header Files</Filter>
    </ClInclude>
    <ClInclude Include="test\Session.h">
      <Filter>Header Files</Filter>
    </ClInclude>
    <ClInclude Include="test\Test.h">
      <Filter>Header Files</Filter>
    </ClInclude>
    <ClInclude Include="Library\Variant.h">
      <Filter>Header Files</Filter>
    </ClInclude>
    <ClInclude Include="Library\Random.h">
      <Filter>Header Files</Filter>
    </ClInclude>
    <ClInclude Include="Database\ConnectionPool.h">
      <Filter>Header Files</Filter>
    </ClInclude>
    <ClInclude Include="Database\Database.h">
      <Filter>Header Files</Filter>
    </ClInclude>
    <ClInclude Include="Database\MySQL\Connection.h">
      <Filter>Header Files</Filter>
    </ClInclude>
    <ClInclude Include="Database\MySQL\MySQL.h">
      <Filter>Header Files</Filter>
    </ClInclude>
    <ClInclude Include="Database\MySQL\ResultSet.h">
      <Filter>Header Files</Filter>
    </ClInclude>
    <ClInclude Include="Database\MySQL\Transaction.h">
      <Filter>Header Files</Filter>
    </ClInclude>
    <ClInclude Include="Database\Redis\Connection.h">
      <Filter>Header Files</Filter>
    </ClInclude>
    <ClInclude Include="Database\Redis\Redis.h">
      <Filter>Header Files</Filter>
    </ClInclude>
    <ClInclude Include="Database\Redis\ResultSet.h">
      <Filter>Header Files</Filter>
    </ClInclude>
    <ClInclude Include="Library\DataCache.h">
      <Filter>Header Files</Filter>
    </ClInclude>
    <ClInclude Include="Test\LinkManager.h">
      <Filter>Header Files</Filter>
    </ClInclude>
    <ClInclude Include="Network\Link.h">
      <Filter>Header Files</Filter>
    </ClInclude>
    <ClInclude Include="Network\LinkManager.h">
      <Filter>Header Files</Filter>
    </ClInclude>
    <ClInclude Include="Network\Tcp\Dispatcher.h">
      <Filter>Header Files</Filter>
    </ClInclude>
    <ClInclude Include="Network\Tcp\LinkManager.h">
      <Filter>Header Files</Filter>
    </ClInclude>
    <ClInclude Include="Network\Tcp\Packet.h">
      <Filter>Header Files</Filter>
    </ClInclude>
    <ClInclude Include="Network\Tcp\Session.h">
      <Filter>Header Files</Filter>
    </ClInclude>
    <ClInclude Include="Network\Tcp\Tcp.h">
      <Filter>Header Files</Filter>
    </ClInclude>
    <ClInclude Include="Network\Router\Dispatcher.h">
      <Filter>Header Files</Filter>
    </ClInclude>
    <ClInclude Include="Network\Router\LinkManager.h">
      <Filter>Header Files</Filter>
    </ClInclude>
    <ClInclude Include="Network\Router\MsgRouter.h">
      <Filter>Header Files</Filter>
    </ClInclude>
    <ClInclude Include="Network\Router\Router.h">
      <Filter>Header Files</Filter>
    </ClInclude>
    <ClInclude Include="Network\Router\RouterCaster.h">
      <Filter>Header Files</Filter>
    </ClInclude>
    <ClInclude Include="Network\Router\RouterHandler.h">
      <Filter>Header Files</Filter>
    </ClInclude>
    <ClInclude Include="Network\Router\Session.h">
      <Filter>Header Files</Filter>
    </ClInclude>
    <ClInclude Include="Network\Http\Dispatcher.h">
      <Filter>Header Files</Filter>
    </ClInclude>
    <ClInclude Include="Network\Http\HttpClient.h">
      <Filter>Header Files</Filter>
    </ClInclude>
    <ClInclude Include="Network\Http\HttpServer.h">
      <Filter>Header Files</Filter>
    </ClInclude>
    <ClInclude Include="Network\Http\Response.h">
      <Filter>Header Files</Filter>
    </ClInclude>
    <ClInclude Include="Network\Http\Session.h">
      <Filter>Header Files</Filter>
    </ClInclude>
    <ClInclude Include="Library\Json\json.h">
      <Filter>Header Files</Filter>
    </ClInclude>
    <ClInclude Include="Library\Json\json-forwards.h">
      <Filter>Header Files</Filter>
    </ClInclude>
    <ClInclude Include="Network\Http\Request.h">
      <Filter>Header Files</Filter>
    </ClInclude>
    <ClInclude Include="Database\Redis\Transaction.h">
      <Filter>Header Files</Filter>
    </ClInclude>
    <ClInclude Include="Library\Debugs.h">
      <Filter>Header Files</Filter>
    </ClInclude>
    <ClInclude Include="Network\Tcp\CastGroup.h">
      <Filter>Header Files</Filter>
    </ClInclude>
    <ClInclude Include="Database\SQLite\Connection.h">
      <Filter>Header Files</Filter>
    </ClInclude>
    <ClInclude Include="Database\SQLite\ResultSet.h">
      <Filter>Header Files</Filter>
    </ClInclude>
    <ClInclude Include="Database\SQLite\SQLite.h">
      <Filter>Header Files</Filter>
    </ClInclude>
    <ClInclude Include="Database\SQLite\sqlite3.h">
      <Filter>Header Files</Filter>
    </ClInclude>
    <ClInclude Include="Database\SQLite\sqlite3ext.h">
      <Filter>Header Files</Filter>
    </ClInclude>
    <ClInclude Include="Network\Http\Link.h">
      <Filter>Header Files</Filter>
    </ClInclude>
    <ClInclude Include="Network\Tcp\Link.h">
      <Filter>Header Files</Filter>
    </ClInclude>
    <ClInclude Include="Database\SQLite\Transaction.h">
      <Filter>Header Files</Filter>
    </ClInclude>
    <ClInclude Include="Test\TestHandler.h">
      <Filter>Header Files</Filter>
    </ClInclude>
    <ClInclude Include="Database\Redis\Subscriber.h">
      <Filter>Header Files</Filter>
    </ClInclude>
    <ClInclude Include="Library\Delegate.h">
      <Filter>Header Files</Filter>
    </ClInclude>
    <ClInclude Include="Network\Tcp\SystemMessageHandler.h">
      <Filter>Header Files</Filter>
    </ClInclude>
    <ClInclude Include="Network\Acceptor.h">
      <Filter>Header Files</Filter>
    </ClInclude>
  </ItemGroup>
</Project>