
Microsoft Visual Studio Solution File, Format Version 12.00
# Visual Studio 15
VisualStudioVersion = 15.0.28307.572
MinimumVisualStudioVersion = 10.0.40219.1
Project("{8BC9CEB8-8B4A-11D0-8D11-00A0C91BC942}") = "Gamnet", "Gamnet\Gamnet.vcxproj", "{019BA4FB-BF7B-4EAC-A72D-E32BAFD5172E}"
	ProjectSection(ProjectDependencies) = postProject
		{E16B955B-DBB0-3D9D-C23F-F53667609365} = {E16B955B-DBB0-3D9D-C23F-F53667609365}
	EndProjectSection
EndProject
Project("{8BC9CEB8-8B4A-11D0-8D11-00A0C91BC942}") = "idlc", "idlc\idlc.vcxproj", "{E16B955B-DBB0-3D9D-C23F-F53667609365}"
EndProject
Project("{8BC9CEB8-8B4A-11D0-8D11-00A0C91BC942}") = "001.Echo", "example\001.Echo\001.Echo.vcxproj", "{10465F8C-3657-4341-BA71-94BD1291BE99}"
	ProjectSection(ProjectDependencies) = postProject
		{019BA4FB-BF7B-4EAC-A72D-E32BAFD5172E} = {019BA4FB-BF7B-4EAC-A72D-E32BAFD5172E}
	EndProjectSection
EndProject
Project("{8BC9CEB8-8B4A-11D0-8D11-00A0C91BC942}") = "002.Reconnect", "example\002.Reconnect\002.Reconnect.vcxproj", "{FE3233CF-5310-47DC-8FB7-6D0623CC94B3}"
	ProjectSection(ProjectDependencies) = postProject
		{019BA4FB-BF7B-4EAC-A72D-E32BAFD5172E} = {019BA4FB-BF7B-4EAC-A72D-E32BAFD5172E}
	EndProjectSection
EndProject
Project("{8BC9CEB8-8B4A-11D0-8D11-00A0C91BC942}") = "003.ChatServer", "example\003.ChatServer\003.ChatServer.vcxproj", "{F178C849-DFA2-415C-84CD-17C6DE8E375B}"
	ProjectSection(ProjectDependencies) = postProject
		{019BA4FB-BF7B-4EAC-A72D-E32BAFD5172E} = {019BA4FB-BF7B-4EAC-A72D-E32BAFD5172E}
	EndProjectSection
EndProject
Project("{8BC9CEB8-8B4A-11D0-8D11-00A0C91BC942}") = "004.Router", "example\004.Router\004.Router.vcxproj", "{01048E2E-A579-489D-8B8B-DB6ADB214B24}"
	ProjectSection(ProjectDependencies) = postProject
		{019BA4FB-BF7B-4EAC-A72D-E32BAFD5172E} = {019BA4FB-BF7B-4EAC-A72D-E32BAFD5172E}
	EndProjectSection
EndProject
Project("{8BC9CEB8-8B4A-11D0-8D11-00A0C91BC942}") = "005.Database", "example\005.Database\005.Database.vcxproj", "{840A801A-D81E-4A1D-8FFF-680610888782}"
EndProject
Global
	GlobalSection(SolutionConfigurationPlatforms) = preSolution
		Debug|ARM = Debug|ARM
		Debug|x64 = Debug|x64
		Debug|x86 = Debug|x86
		Release|ARM = Release|ARM
		Release|x64 = Release|x64
		Release|x86 = Release|x86
	EndGlobalSection
	GlobalSection(ProjectConfigurationPlatforms) = postSolution
		{019BA4FB-BF7B-4EAC-A72D-E32BAFD5172E}.Debug|ARM.ActiveCfg = Debug|ARM
		{019BA4FB-BF7B-4EAC-A72D-E32BAFD5172E}.Debug|ARM.Build.0 = Debug|ARM
		{019BA4FB-BF7B-4EAC-A72D-E32BAFD5172E}.Debug|x64.ActiveCfg = Debug|x64
		{019BA4FB-BF7B-4EAC-A72D-E32BAFD5172E}.Debug|x64.Build.0 = Debug|x64
		{019BA4FB-BF7B-4EAC-A72D-E32BAFD5172E}.Debug|x86.ActiveCfg = Debug|x64
		{019BA4FB-BF7B-4EAC-A72D-E32BAFD5172E}.Debug|x86.Build.0 = Debug|x64
		{019BA4FB-BF7B-4EAC-A72D-E32BAFD5172E}.Release|ARM.ActiveCfg = Release|ARM
		{019BA4FB-BF7B-4EAC-A72D-E32BAFD5172E}.Release|ARM.Build.0 = Release|ARM
		{019BA4FB-BF7B-4EAC-A72D-E32BAFD5172E}.Release|x64.ActiveCfg = Release|x64
		{019BA4FB-BF7B-4EAC-A72D-E32BAFD5172E}.Release|x64.Build.0 = Release|x64
		{019BA4FB-BF7B-4EAC-A72D-E32BAFD5172E}.Release|x86.ActiveCfg = Release|Win32
		{019BA4FB-BF7B-4EAC-A72D-E32BAFD5172E}.Release|x86.Build.0 = Release|Win32
		{E16B955B-DBB0-3D9D-C23F-F53667609365}.Debug|ARM.ActiveCfg = Debug|Win32
		{E16B955B-DBB0-3D9D-C23F-F53667609365}.Debug|x64.ActiveCfg = Debug|x64
		{E16B955B-DBB0-3D9D-C23F-F53667609365}.Debug|x64.Build.0 = Debug|x64
		{E16B955B-DBB0-3D9D-C23F-F53667609365}.Debug|x86.ActiveCfg = Debug|Win32
		{E16B955B-DBB0-3D9D-C23F-F53667609365}.Debug|x86.Build.0 = Debug|Win32
		{E16B955B-DBB0-3D9D-C23F-F53667609365}.Release|ARM.ActiveCfg = Release|Win32
		{E16B955B-DBB0-3D9D-C23F-F53667609365}.Release|x64.ActiveCfg = Release|x64
		{E16B955B-DBB0-3D9D-C23F-F53667609365}.Release|x64.Build.0 = Release|x64
		{E16B955B-DBB0-3D9D-C23F-F53667609365}.Release|x86.ActiveCfg = Release|Win32
		{E16B955B-DBB0-3D9D-C23F-F53667609365}.Release|x86.Build.0 = Release|Win32
		{10465F8C-3657-4341-BA71-94BD1291BE99}.Debug|ARM.ActiveCfg = Debug|Win32
		{10465F8C-3657-4341-BA71-94BD1291BE99}.Debug|x64.ActiveCfg = Debug|x64
		{10465F8C-3657-4341-BA71-94BD1291BE99}.Debug|x64.Build.0 = Debug|x64
		{10465F8C-3657-4341-BA71-94BD1291BE99}.Debug|x86.ActiveCfg = Debug|Win32
		{10465F8C-3657-4341-BA71-94BD1291BE99}.Debug|x86.Build.0 = Debug|Win32
		{10465F8C-3657-4341-BA71-94BD1291BE99}.Release|ARM.ActiveCfg = Release|Win32
		{10465F8C-3657-4341-BA71-94BD1291BE99}.Release|x64.ActiveCfg = Release|x64
		{10465F8C-3657-4341-BA71-94BD1291BE99}.Release|x64.Build.0 = Release|x64
		{10465F8C-3657-4341-BA71-94BD1291BE99}.Release|x86.ActiveCfg = Release|Win32
		{10465F8C-3657-4341-BA71-94BD1291BE99}.Release|x86.Build.0 = Release|Win32
		{FE3233CF-5310-47DC-8FB7-6D0623CC94B3}.Debug|ARM.ActiveCfg = Debug|Win32
		{FE3233CF-5310-47DC-8FB7-6D0623CC94B3}.Debug|x64.ActiveCfg = Debug|x64
		{FE3233CF-5310-47DC-8FB7-6D0623CC94B3}.Debug|x64.Build.0 = Debug|x64
		{FE3233CF-5310-47DC-8FB7-6D0623CC94B3}.Debug|x86.ActiveCfg = Debug|Win32
		{FE3233CF-5310-47DC-8FB7-6D0623CC94B3}.Debug|x86.Build.0 = Debug|Win32
		{FE3233CF-5310-47DC-8FB7-6D0623CC94B3}.Release|ARM.ActiveCfg = Release|Win32
		{FE3233CF-5310-47DC-8FB7-6D0623CC94B3}.Release|x64.ActiveCfg = Release|x64
		{FE3233CF-5310-47DC-8FB7-6D0623CC94B3}.Release|x64.Build.0 = Release|x64
		{FE3233CF-5310-47DC-8FB7-6D0623CC94B3}.Release|x86.ActiveCfg = Release|Win32
		{FE3233CF-5310-47DC-8FB7-6D0623CC94B3}.Release|x86.Build.0 = Release|Win32
		{F178C849-DFA2-415C-84CD-17C6DE8E375B}.Debug|ARM.ActiveCfg = Debug|Win32
		{F178C849-DFA2-415C-84CD-17C6DE8E375B}.Debug|x64.ActiveCfg = Debug|x64
		{F178C849-DFA2-415C-84CD-17C6DE8E375B}.Debug|x64.Build.0 = Debug|x64
		{F178C849-DFA2-415C-84CD-17C6DE8E375B}.Debug|x86.ActiveCfg = Debug|Win32
		{F178C849-DFA2-415C-84CD-17C6DE8E375B}.Debug|x86.Build.0 = Debug|Win32
		{F178C849-DFA2-415C-84CD-17C6DE8E375B}.Release|ARM.ActiveCfg = Release|Win32
		{F178C849-DFA2-415C-84CD-17C6DE8E375B}.Release|x64.ActiveCfg = Release|x64
		{F178C849-DFA2-415C-84CD-17C6DE8E375B}.Release|x64.Build.0 = Release|x64
		{F178C849-DFA2-415C-84CD-17C6DE8E375B}.Release|x86.ActiveCfg = Release|Win32
		{F178C849-DFA2-415C-84CD-17C6DE8E375B}.Release|x86.Build.0 = Release|Win32
		{01048E2E-A579-489D-8B8B-DB6ADB214B24}.Debug|ARM.ActiveCfg = Debug|Win32
		{01048E2E-A579-489D-8B8B-DB6ADB214B24}.Debug|x64.ActiveCfg = Debug|x64
		{01048E2E-A579-489D-8B8B-DB6ADB214B24}.Debug|x64.Build.0 = Debug|x64
		{01048E2E-A579-489D-8B8B-DB6ADB214B24}.Debug|x86.ActiveCfg = Debug|Win32
		{01048E2E-A579-489D-8B8B-DB6ADB214B24}.Debug|x86.Build.0 = Debug|Win32
		{01048E2E-A579-489D-8B8B-DB6ADB214B24}.Release|ARM.ActiveCfg = Release|Win32
		{01048E2E-A579-489D-8B8B-DB6ADB214B24}.Release|x64.ActiveCfg = Release|x64
		{01048E2E-A579-489D-8B8B-DB6ADB214B24}.Release|x64.Build.0 = Release|x64
		{01048E2E-A579-489D-8B8B-DB6ADB214B24}.Release|x86.ActiveCfg = Release|Win32
		{01048E2E-A579-489D-8B8B-DB6ADB214B24}.Release|x86.Build.0 = Release|Win32
		{840A801A-D81E-4A1D-8FFF-680610888782}.Debug|ARM.ActiveCfg = Debug|Win32
		{840A801A-D81E-4A1D-8FFF-680610888782}.Debug|x64.ActiveCfg = Debug|x64
		{840A801A-D81E-4A1D-8FFF-680610888782}.Debug|x64.Build.0 = Debug|x64
		{840A801A-D81E-4A1D-8FFF-680610888782}.Debug|x86.ActiveCfg = Debug|Win32
		{840A801A-D81E-4A1D-8FFF-680610888782}.Debug|x86.Build.0 = Debug|Win32
		{840A801A-D81E-4A1D-8FFF-680610888782}.Release|ARM.ActiveCfg = Release|Win32
		{840A801A-D81E-4A1D-8FFF-680610888782}.Release|x64.ActiveCfg = Release|x64
		{840A801A-D81E-4A1D-8FFF-680610888782}.Release|x64.Build.0 = Release|x64
		{840A801A-D81E-4A1D-8FFF-680610888782}.Release|x86.ActiveCfg = Release|Win32
		{840A801A-D81E-4A1D-8FFF-680610888782}.Release|x86.Build.0 = Release|Win32
	EndGlobalSection
	GlobalSection(SolutionProperties) = preSolution
		HideSolutionNode = FALSE
	EndGlobalSection
	GlobalSection(ExtensibilityGlobals) = postSolution
		SolutionGuid = {DE304EAD-5654-40EA-8899-716D9656534F}
	EndGlobalSection
EndGlobal
