
Microsoft Visual Studio Solution File, Format Version 12.00
# Visual Studio 15
VisualStudioVersion = 15.0.27130.2027
MinimumVisualStudioVersion = 10.0.40219.1
Project("{8BC9CEB8-8B4A-11D0-8D11-00A0C91BC942}") = "idlc", "idlc.vcxproj", "{E16B955B-DBB0-3D9D-C23F-F53667609365}"
EndProject
Global
	GlobalSection(SolutionConfigurationPlatforms) = preSolution
		Debug|Win32 = Debug|Win32
		Debug|x64 = Debug|x64
		Release|Win32 = Release|Win32
		Release|x64 = Release|x64
	EndGlobalSection
	GlobalSection(ProjectConfigurationPlatforms) = postSolution
		{E16B955B-DBB0-3D9D-C23F-F53667609365}.Debug|Win32.ActiveCfg = Debug|Win32
		{E16B955B-DBB0-3D9D-C23F-F53667609365}.Debug|Win32.Build.0 = Debug|Win32
		{E16B955B-DBB0-3D9D-C23F-F53667609365}.Debug|x64.ActiveCfg = Debug|x64
		{E16B955B-DBB0-3D9D-C23F-F53667609365}.Debug|x64.Build.0 = Debug|x64
		{E16B955B-DBB0-3D9D-C23F-F53667609365}.Release|Win32.ActiveCfg = Release|Win32
		{E16B955B-DBB0-3D9D-C23F-F53667609365}.Release|Win32.Build.0 = Release|Win32
		{E16B955B-DBB0-3D9D-C23F-F53667609365}.Release|x64.ActiveCfg = Release|x64
		{E16B955B-DBB0-3D9D-C23F-F53667609365}.Release|x64.Build.0 = Release|x64
	EndGlobalSection
	GlobalSection(SolutionProperties) = preSolution
		HideSolutionNode = FALSE
	EndGlobalSection
	GlobalSection(ExtensibilityGlobals) = postSolution
		SolutionGuid = {6BF3B7CF-1BF1-4411-ACCD-4D67FC1C21A4}
	EndGlobalSection
EndGlobal
