
Microsoft Visual Studio Solution File, Format Version 12.00
# Visual Studio 14
VisualStudioVersion = 14.0.25420.1
MinimumVisualStudioVersion = 10.0.40219.1
Project("{8BC9CEB8-8B4A-11D0-8D11-00A0C91BC942}") = "server", "server.vcxproj", "{F178C849-DFA2-415C-84CD-17C6DE8E375B}"
EndProject
Global
	GlobalSection(SolutionConfigurationPlatforms) = preSolution
		Debug|x64 = Debug|x64
		Debug|x86 = Debug|x86
		Release|x64 = Release|x64
		Release|x86 = Release|x86
	EndGlobalSection
	GlobalSection(ProjectConfigurationPlatforms) = postSolution
		{F178C849-DFA2-415C-84CD-17C6DE8E375B}.Debug|x64.ActiveCfg = Debug|x64
		{F178C849-DFA2-415C-84CD-17C6DE8E375B}.Debug|x64.Build.0 = Debug|x64
		{F178C849-DFA2-415C-84CD-17C6DE8E375B}.Debug|x86.ActiveCfg = Debug|Win32
		{F178C849-DFA2-415C-84CD-17C6DE8E375B}.Debug|x86.Build.0 = Debug|Win32
		{F178C849-DFA2-415C-84CD-17C6DE8E375B}.Release|x64.ActiveCfg = Release|x64
		{F178C849-DFA2-415C-84CD-17C6DE8E375B}.Release|x64.Build.0 = Release|x64
		{F178C849-DFA2-415C-84CD-17C6DE8E375B}.Release|x86.ActiveCfg = Release|Win32
		{F178C849-DFA2-415C-84CD-17C6DE8E375B}.Release|x86.Build.0 = Release|Win32
	EndGlobalSection
	GlobalSection(SolutionProperties) = preSolution
		HideSolutionNode = FALSE
	EndGlobalSection
EndGlobal
